{
  "object": {
    "pins": [
      {
        "package": "StringScanner",
        "repositoryURL": "https://github.com/getGuaka/StringScanner.git",
        "state": {
          "branch": null,
          "revision": "39f9b77e37c69ab6fec14aadf79a066468ce63e3",
          "version": "0.4.0"
        }
      }
    ]
  },
  "version": 1
}
