{
  "object": {
    "pins": [
      {
        "package": "StringScanner",
        "repositoryURL": "https://github.com/getGuaka/StringScanner.git",
        "state": {
          "branch": null,
          "revision": "c2cf5c81dade9486386f1cacd917c03e959a3005",
          "version": "0.3.0"
        }
      }
    ]
  },
  "version": 1
}
