{
  "object": {
    "pins": [
      {
        "package": "StringScanner",
        "repositoryURL": "https://github.com/oarrabi/StringScanner.git",
        "state": {
          "branch": null,
          "revision": "246c697efe2f57d9042f58b1b53ace4fddb1efc4",
          "version": "0.2.0"
        }
      }
    ]
  },
  "version": 1
}
